
Microsoft Visual Studio Solution File, Format Version 12.00
# Visual Studio 15
VisualStudioVersion = 15.0.28307.705
MinimumVisualStudioVersion = 10.0.40219.1
Project("{8BC9CEB8-8B4A-11D0-8D11-00A0C91BC942}") = "KnotBrowser", "KnotBrowser.vcxproj", "{E175D246-4F46-4EF9-8C11-35E7CBADB99A}"
EndProject
Global
	GlobalSection(SolutionConfigurationPlatforms) = preSolution
		Debug|x64 = Debug|x64
		Debug|x86 = Debug|x86
		Release|x64 = Release|x64
		Release|x86 = Release|x86
	EndGlobalSection
	GlobalSection(ProjectConfigurationPlatforms) = postSolution
		{E175D246-4F46-4EF9-8C11-35E7CBADB99A}.Debug|x64.ActiveCfg = Debug|x64
		{E175D246-4F46-4EF9-8C11-35E7CBADB99A}.Debug|x64.Build.0 = Debug|x64
		{E175D246-4F46-4EF9-8C11-35E7CBADB99A}.Debug|x86.ActiveCfg = Debug|Win32
		{E175D246-4F46-4EF9-8C11-35E7CBADB99A}.Debug|x86.Build.0 = Debug|Win32
		{E175D246-4F46-4EF9-8C11-35E7CBADB99A}.Release|x64.ActiveCfg = Release|x64
		{E175D246-4F46-4EF9-8C11-35E7CBADB99A}.Release|x64.Build.0 = Release|x64
		{E175D246-4F46-4EF9-8C11-35E7CBADB99A}.Release|x86.ActiveCfg = Release|Win32
		{E175D246-4F46-4EF9-8C11-35E7CBADB99A}.Release|x86.Build.0 = Release|Win32
	EndGlobalSection
	GlobalSection(SolutionProperties) = preSolution
		HideSolutionNode = FALSE
	EndGlobalSection
	GlobalSection(ExtensibilityGlobals) = postSolution
		SolutionGuid = {FA9B5C4B-1429-4CAC-A152-8C83431CD037}
	EndGlobalSection
EndGlobal
